{
  "name": "aula_2_clima",
  "version": "1.0.0",
  "lockfileVersion": 3,
  "requires": true,
  "packages": {
    "": {
      "name": "aula_2_clima",
      "version": "1.0.0",
      "license": "ISC",
      "dependencies": {
        "openweather-api-node": "^3.1.5"
      }
    },
    "node_modules/openweather-api-node": {
      "version": "3.1.5",
      "resolved": "https://registry.npmjs.org/openweather-api-node/-/openweather-api-node-3.1.5.tgz",
      "integrity": "sha512-FGLE0bWOTvp4XHaswmzMfisYMMEtwEwOEJR0vaS07L31OUcutV/UUO5/vRuktkRPoqfk3KZOoqddsRTGTxT7Aw==",
      "license": "MIT"
    }
  }
}
